
Microsoft Visual Studio Solution File, Format Version 12.00
# Visual Studio Version 17
VisualStudioVersion = 17.12.35527.113 d17.12
MinimumVisualStudioVersion = 10.0.40219.1
Project("{FAE04EC0-301F-11D3-BF4B-00C04F79EFBC}") = "EjercicioNo.3", "EjercicioNo.3\EjercicioNo.3.csproj", "{F2D90747-0D50-49BE-A77D-B3221A84060D}"
EndProject
Global
	GlobalSection(SolutionConfigurationPlatforms) = preSolution
		Debug|Any CPU = Debug|Any CPU
		Release|Any CPU = Release|Any CPU
	EndGlobalSection
	GlobalSection(ProjectConfigurationPlatforms) = postSolution
		{F2D90747-0D50-49BE-A77D-B3221A84060D}.Debug|Any CPU.ActiveCfg = Debug|Any CPU
		{F2D90747-0D50-49BE-A77D-B3221A84060D}.Debug|Any CPU.Build.0 = Debug|Any CPU
		{F2D90747-0D50-49BE-A77D-B3221A84060D}.Release|Any CPU.ActiveCfg = Release|Any CPU
		{F2D90747-0D50-49BE-A77D-B3221A84060D}.Release|Any CPU.Build.0 = Release|Any CPU
	EndGlobalSection
	GlobalSection(SolutionProperties) = preSolution
		HideSolutionNode = FALSE
	EndGlobalSection
EndGlobal
